{
  "version": 4,
  "terraform_version": "0.15.0",
  "serial": 353,
  "lineage": "02db84ca-93d1-e8b5-e6c7-68e3a614970e",
  "outputs": {
    "WP_Server_01_Public_IPaddress": {
      "value": {
        "address": null,
        "allocation_id": null,
        "associate_with_private_ip": null,
        "association_id": "eipassoc-0309d593a9cca5499",
        "carrier_ip": "",
        "customer_owned_ip": "",
        "customer_owned_ipv4_pool": "",
        "domain": "vpc",
        "id": "eipalloc-07aa87faa32cffb6d",
        "instance": "i-05cb24d24e6607a03",
        "network_border_group": "eu-west-1",
        "network_interface": "eni-0a5a08e0d7d8c7213",
        "private_dns": "ip-10-0-1-9.eu-west-1.compute.internal",
        "private_ip": "10.0.1.9",
        "public_dns": "ec2-99-81-137-74.eu-west-1.compute.amazonaws.com",
        "public_ip": "99.81.137.74",
        "public_ipv4_pool": "amazon",
        "tags": null,
        "tags_all": {},
        "timeouts": null,
        "vpc": true
      },
      "type": [
        "object",
        {
          "address": "string",
          "allocation_id": "string",
          "associate_with_private_ip": "string",
          "association_id": "string",
          "carrier_ip": "string",
          "customer_owned_ip": "string",
          "customer_owned_ipv4_pool": "string",
          "domain": "string",
          "id": "string",
          "instance": "string",
          "network_border_group": "string",
          "network_interface": "string",
          "private_dns": "string",
          "private_ip": "string",
          "public_dns": "string",
          "public_ip": "string",
          "public_ipv4_pool": "string",
          "tags": [
            "map",
            "string"
          ],
          "tags_all": [
            "map",
            "string"
          ],
          "timeouts": [
            "object",
            {
              "delete": "string",
              "read": "string",
              "update": "string"
            }
          ],
          "vpc": "bool"
        }
      ]
    }
  },
  "resources": [
    {
      "mode": "managed",
      "type": "aws_eip",
      "name": "Motivalogic_IP",
      "provider": "provider[\"registry.terraform.io/hashicorp/aws\"]",
      "instances": [
        {
          "schema_version": 0,
          "attributes": {
            "address": null,
            "allocation_id": null,
            "associate_with_private_ip": null,
            "association_id": "eipassoc-0309d593a9cca5499",
            "carrier_ip": "",
            "customer_owned_ip": "",
            "customer_owned_ipv4_pool": "",
            "domain": "vpc",
            "id": "eipalloc-07aa87faa32cffb6d",
            "instance": "i-05cb24d24e6607a03",
            "network_border_group": "eu-west-1",
            "network_interface": "eni-0a5a08e0d7d8c7213",
            "private_dns": "ip-10-0-1-9.eu-west-1.compute.internal",
            "private_ip": "10.0.1.9",
            "public_dns": "ec2-99-81-137-74.eu-west-1.compute.amazonaws.com",
            "public_ip": "99.81.137.74",
            "public_ipv4_pool": "amazon",
            "tags": null,
            "tags_all": {},
            "timeouts": null,
            "vpc": true
          },
          "sensitive_attributes": [],
          "private": "eyJlMmJmYjczMC1lY2FhLTExZTYtOGY4OC0zNDM2M2JjN2M0YzAiOnsiZGVsZXRlIjoxODAwMDAwMDAwMDAsInJlYWQiOjkwMDAwMDAwMDAwMCwidXBkYXRlIjozMDAwMDAwMDAwMDB9fQ==",
          "dependencies": [
            "aws_instance.WP_Server_01",
            "aws_key_pair.VPC_key",
            "aws_security_group.Motivalogic_Frontend_sg",
            "aws_subnet.Motivalogic_Public_SN",
            "aws_vpc.Motivalogic_VPC"
          ]
        }
      ]
    },
    {
      "mode": "managed",
      "type": "aws_instance",
      "name": "WP_Server_01",
      "provider": "provider[\"registry.terraform.io/hashicorp/aws\"]",
      "instances": [
        {
          "schema_version": 1,
          "attributes": {
            "ami": "ami-0f89681a05a3a9de7",
            "arn": "arn:aws:ec2:eu-west-1:605149030174:instance/i-05cb24d24e6607a03",
            "associate_public_ip_address": true,
            "availability_zone": "eu-west-1b",
            "capacity_reservation_specification": [
              {
                "capacity_reservation_preference": "open",
                "capacity_reservation_target": []
              }
            ],
            "cpu_core_count": 1,
            "cpu_threads_per_core": 1,
            "credit_specification": [
              {
                "cpu_credits": "standard"
              }
            ],
            "disable_api_termination": false,
            "ebs_block_device": [],
            "ebs_optimized": false,
            "enclave_options": [
              {
                "enabled": false
              }
            ],
            "ephemeral_block_device": [],
            "get_password_data": false,
            "hibernation": false,
            "host_id": null,
            "iam_instance_profile": "",
            "id": "i-05cb24d24e6607a03",
            "instance_initiated_shutdown_behavior": "stop",
            "instance_state": "running",
            "instance_type": "t2.micro",
            "ipv6_address_count": 0,
            "ipv6_addresses": [],
            "key_name": "VPC_key",
            "metadata_options": [
              {
                "http_endpoint": "enabled",
                "http_put_response_hop_limit": 1,
                "http_tokens": "optional"
              }
            ],
            "monitoring": false,
            "network_interface": [],
            "outpost_arn": "",
            "password_data": "",
            "placement_group": "",
            "primary_network_interface_id": "eni-0a5a08e0d7d8c7213",
            "private_dns": "ip-10-0-1-9.eu-west-1.compute.internal",
            "private_ip": "10.0.1.9",
            "public_dns": "",
            "public_ip": "18.203.161.145",
            "root_block_device": [
              {
                "delete_on_termination": true,
                "device_name": "/dev/xvda",
                "encrypted": false,
                "iops": 100,
                "kms_key_id": "",
                "tags": {},
                "throughput": 0,
                "volume_id": "vol-00c345015595222b2",
                "volume_size": 8,
                "volume_type": "gp2"
              }
            ],
            "secondary_private_ips": [],
            "security_groups": [],
            "source_dest_check": true,
            "subnet_id": "subnet-085deea97a885d846",
            "tags": {
              "Name": "WP_Server_01"
            },
            "tags_all": {
              "Name": "WP_Server_01"
            },
            "tenancy": "default",
            "timeouts": null,
            "user_data": "8cdac09957ce37e0ffd36d2ac8580700dc012158",
            "user_data_base64": null,
            "volume_tags": null,
            "vpc_security_group_ids": [
              "sg-02cbbdcca82532cd2"
            ]
          },
          "sensitive_attributes": [],
          "private": "eyJlMmJmYjczMC1lY2FhLTExZTYtOGY4OC0zNDM2M2JjN2M0YzAiOnsiY3JlYXRlIjo2MDAwMDAwMDAwMDAsImRlbGV0ZSI6MTIwMDAwMDAwMDAwMCwidXBkYXRlIjo2MDAwMDAwMDAwMDB9LCJzY2hlbWFfdmVyc2lvbiI6IjEifQ==",
          "dependencies": [
            "aws_key_pair.VPC_key",
            "aws_security_group.Motivalogic_Frontend_sg",
            "aws_subnet.Motivalogic_Public_SN",
            "aws_vpc.Motivalogic_VPC"
          ]
        }
      ]
    },
    {
      "mode": "managed",
      "type": "aws_internet_gateway",
      "name": "Motivalogic_IGW",
      "provider": "provider[\"registry.terraform.io/hashicorp/aws\"]",
      "instances": [
        {
          "schema_version": 0,
          "attributes": {
            "arn": "arn:aws:ec2:eu-west-1:605149030174:internet-gateway/igw-00a48ffee6b9790ea",
            "id": "igw-00a48ffee6b9790ea",
            "owner_id": "605149030174",
            "tags": {
              "Name": "Motivalogic_IGW"
            },
            "tags_all": {
              "Name": "Motivalogic_IGW"
            },
            "vpc_id": "vpc-0faf18fbd835c6e18"
          },
          "sensitive_attributes": [],
          "private": "bnVsbA==",
          "dependencies": [
            "aws_vpc.Motivalogic_VPC"
          ]
        }
      ]
    },
    {
      "mode": "managed",
      "type": "aws_key_pair",
      "name": "VPC_key",
      "provider": "provider[\"registry.terraform.io/hashicorp/aws\"]",
      "instances": [
        {
          "schema_version": 1,
          "attributes": {
            "arn": "arn:aws:ec2:eu-west-1:605149030174:key-pair/VPC_key",
            "fingerprint": "06:41:3a:1d:25:fc:f4:c2:11:a1:0b:5f:c2:8c:ac:93",
            "id": "VPC_key",
            "key_name": "VPC_key",
            "key_name_prefix": null,
            "key_pair_id": "key-0664c3f5830a35d84",
            "public_key": "ssh-rsa AAAAB3NzaC1yc2EAAAADAQABAAABgQC1byQrH4i+r9r1om6bYLxPAi7iuQIowq1rOpeMNDZgvF0QiuNCIk8NgW6/LLdc7E9BHYETLGzuDuacopbdomgO5D8bHYhB/4RwwzojyfhKXGVBMZ5s6x4bg6vH0UfNnIU0kKedkK5sa6a0dVvxe7dUhlRE7zp1d9ysSDHL738cq2T1HEsf7kIdOQ2jPn0fefJk5IJyTLQSboolH4gKyId2kTMF/1VfU7yn9JWljmwsWCa8pIcN7rSBqeQSGPw35rpvSQp8wSeRef7Cuz38ZupCthiRFDplWmdZcg/EYPYNvzNFp7p1Sn78YaMLuFZ1pXLDF2qbv4oHWNE5S/cB8dA1nsKQNdiN50Yjb5Dt9IZc+23ijW8qBmhBi7bfCreFmo22jLf8EA847GxnDthly8lmPm2xOVA9XMFAMDN3mJ4pvRcRfutLkrKkfxNU8xckcbwv9q21SCxcLk4gziWjvESVw/VgqHVknPsfQGjNVk7STYiVUg+H/iYBfcykKTH7E+E= Lenovo@Sandeep",
            "tags": null,
            "tags_all": {}
          },
          "sensitive_attributes": [],
          "private": "eyJzY2hlbWFfdmVyc2lvbiI6IjEifQ=="
        }
      ]
    },
    {
      "mode": "managed",
      "type": "aws_route_table",
      "name": "Motivalogic_RT",
      "provider": "provider[\"registry.terraform.io/hashicorp/aws\"]",
      "instances": [
        {
          "schema_version": 0,
          "attributes": {
            "arn": "arn:aws:ec2:eu-west-1:605149030174:route-table/rtb-06aa29226414f87a8",
            "id": "rtb-06aa29226414f87a8",
            "owner_id": "605149030174",
            "propagating_vgws": [],
            "route": [
              {
                "carrier_gateway_id": "",
                "cidr_block": "0.0.0.0/0",
                "destination_prefix_list_id": "",
                "egress_only_gateway_id": "",
                "gateway_id": "igw-00a48ffee6b9790ea",
                "instance_id": "",
                "ipv6_cidr_block": "",
                "local_gateway_id": "",
                "nat_gateway_id": "",
                "network_interface_id": "",
                "transit_gateway_id": "",
                "vpc_endpoint_id": "",
                "vpc_peering_connection_id": ""
              }
            ],
            "tags": {
              "Name": "Motivalogic_RT"
            },
            "tags_all": {
              "Name": "Motivalogic_RT"
            },
            "vpc_id": "vpc-0faf18fbd835c6e18"
          },
          "sensitive_attributes": [],
          "private": "bnVsbA==",
          "dependencies": [
            "aws_internet_gateway.Motivalogic_IGW",
            "aws_vpc.Motivalogic_VPC"
          ]
        }
      ]
    },
    {
      "mode": "managed",
      "type": "aws_route_table_association",
      "name": "Motivalogic_RT_assoc",
      "provider": "provider[\"registry.terraform.io/hashicorp/aws\"]",
      "instances": [
        {
          "schema_version": 0,
          "attributes": {
            "gateway_id": "",
            "id": "rtbassoc-0ec32085ed6792a46",
            "route_table_id": "rtb-06aa29226414f87a8",
            "subnet_id": "subnet-085deea97a885d846"
          },
          "sensitive_attributes": [],
          "private": "bnVsbA==",
          "dependencies": [
            "aws_internet_gateway.Motivalogic_IGW",
            "aws_route_table.Motivalogic_RT",
            "aws_subnet.Motivalogic_Public_SN",
            "aws_vpc.Motivalogic_VPC"
          ]
        }
      ]
    },
    {
      "mode": "managed",
      "type": "aws_security_group",
      "name": "Motivalogic_Frontend_sg",
      "provider": "provider[\"registry.terraform.io/hashicorp/aws\"]",
      "instances": [
        {
          "schema_version": 1,
          "attributes": {
            "arn": "arn:aws:ec2:eu-west-1:605149030174:security-group/sg-02cbbdcca82532cd2",
            "description": "Allow inbound traffic",
            "egress": [
              {
                "cidr_blocks": [
                  "0.0.0.0/0"
                ],
                "description": "All",
                "from_port": 0,
                "ipv6_cidr_blocks": [],
                "prefix_list_ids": [],
                "protocol": "-1",
                "security_groups": [],
                "self": false,
                "to_port": 0
              }
            ],
            "id": "sg-02cbbdcca82532cd2",
            "ingress": [
              {
                "cidr_blocks": [
                  "0.0.0.0/0"
                ],
                "description": "Allow inbound traffic from HTTP",
                "from_port": 80,
                "ipv6_cidr_blocks": [],
                "prefix_list_ids": [],
                "protocol": "tcp",
                "security_groups": [],
                "self": false,
                "to_port": 80
              },
              {
                "cidr_blocks": [
                  "0.0.0.0/0"
                ],
                "description": "Allow inbound traffic from HTTPS",
                "from_port": 443,
                "ipv6_cidr_blocks": [],
                "prefix_list_ids": [],
                "protocol": "tcp",
                "security_groups": [],
                "self": false,
                "to_port": 443
              },
              {
                "cidr_blocks": [
                  "0.0.0.0/0"
                ],
                "description": "Allow inbound traffic from ssh",
                "from_port": 22,
                "ipv6_cidr_blocks": [],
                "prefix_list_ids": [],
                "protocol": "tcp",
                "security_groups": [],
                "self": false,
                "to_port": 22
              }
            ],
            "name": "Motivalogic_Frontend_sg",
            "name_prefix": "",
            "owner_id": "605149030174",
            "revoke_rules_on_delete": false,
            "tags": {
              "Name": "Motivalogic_Frontend_sg"
            },
            "tags_all": {
              "Name": "Motivalogic_Frontend_sg"
            },
            "timeouts": null,
            "vpc_id": "vpc-0faf18fbd835c6e18"
          },
          "sensitive_attributes": [],
          "private": "eyJlMmJmYjczMC1lY2FhLTExZTYtOGY4OC0zNDM2M2JjN2M0YzAiOnsiY3JlYXRlIjo2MDAwMDAwMDAwMDAsImRlbGV0ZSI6OTAwMDAwMDAwMDAwfSwic2NoZW1hX3ZlcnNpb24iOiIxIn0=",
          "dependencies": [
            "aws_vpc.Motivalogic_VPC"
          ]
        }
      ]
    },
    {
      "mode": "managed",
      "type": "aws_subnet",
      "name": "Motivalogic_Public_SN",
      "provider": "provider[\"registry.terraform.io/hashicorp/aws\"]",
      "instances": [
        {
          "schema_version": 1,
          "attributes": {
            "arn": "arn:aws:ec2:eu-west-1:605149030174:subnet/subnet-085deea97a885d846",
            "assign_ipv6_address_on_creation": false,
            "availability_zone": "eu-west-1b",
            "availability_zone_id": "euw1-az2",
            "cidr_block": "10.0.1.0/24",
            "customer_owned_ipv4_pool": "",
            "id": "subnet-085deea97a885d846",
            "ipv6_cidr_block": "",
            "ipv6_cidr_block_association_id": "",
            "map_customer_owned_ip_on_launch": false,
            "map_public_ip_on_launch": false,
            "outpost_arn": "",
            "owner_id": "605149030174",
            "tags": {
              "Name": "Motivalogic_Public_SN"
            },
            "tags_all": {
              "Name": "Motivalogic_Public_SN"
            },
            "timeouts": null,
            "vpc_id": "vpc-0faf18fbd835c6e18"
          },
          "sensitive_attributes": [],
          "private": "eyJlMmJmYjczMC1lY2FhLTExZTYtOGY4OC0zNDM2M2JjN2M0YzAiOnsiY3JlYXRlIjo2MDAwMDAwMDAwMDAsImRlbGV0ZSI6MTIwMDAwMDAwMDAwMH0sInNjaGVtYV92ZXJzaW9uIjoiMSJ9",
          "dependencies": [
            "aws_vpc.Motivalogic_VPC"
          ]
        }
      ]
    },
    {
      "mode": "managed",
      "type": "aws_vpc",
      "name": "Motivalogic_VPC",
      "provider": "provider[\"registry.terraform.io/hashicorp/aws\"]",
      "instances": [
        {
          "schema_version": 1,
          "attributes": {
            "arn": "arn:aws:ec2:eu-west-1:605149030174:vpc/vpc-0faf18fbd835c6e18",
            "assign_generated_ipv6_cidr_block": false,
            "cidr_block": "10.0.0.0/16",
            "default_network_acl_id": "acl-00b0a58787d81158c",
            "default_route_table_id": "rtb-0adc87cc97db3f340",
            "default_security_group_id": "sg-07909bd72353726d4",
            "dhcp_options_id": "dopt-7d41a404",
            "enable_classiclink": false,
            "enable_classiclink_dns_support": false,
            "enable_dns_hostnames": false,
            "enable_dns_support": true,
            "id": "vpc-0faf18fbd835c6e18",
            "instance_tenancy": "default",
            "ipv6_association_id": "",
            "ipv6_cidr_block": "",
            "main_route_table_id": "rtb-0adc87cc97db3f340",
            "owner_id": "605149030174",
            "tags": {
              "Name": "Motivalogic_VPC"
            },
            "tags_all": {
              "Name": "Motivalogic_VPC"
            }
          },
          "sensitive_attributes": [],
          "private": "eyJzY2hlbWFfdmVyc2lvbiI6IjEifQ=="
        }
      ]
    }
  ]
}
